PODS:
  - AFNetworking (3.1.0):
    - AFNetworking/NSURLSession (= 3.1.0)
    - AFNetworking/Reachability (= 3.1.0)
    - AFNetworking/Security (= 3.1.0)
    - AFNetworking/Serialization (= 3.1.0)
    - AFNetworking/UIKit (= 3.1.0)
  - AFNetworking/NSURLSession (3.1.0):
    - AFNetworking/Reachability
    - AFNetworking/Security
    - AFNetworking/Serialization
  - AFNetworking/Reachability (3.1.0)
  - AFNetworking/Security (3.1.0)
  - AFNetworking/Serialization (3.1.0)
  - AFNetworking/UIKit (3.1.0):
    - AFNetworking/NSURLSession
  - BAButton (1.0.1)
  - BlocksKit (2.2.5):
    - BlocksKit/All (= 2.2.5)
  - BlocksKit/All (2.2.5):
    - BlocksKit/Core
    - BlocksKit/DynamicDelegate
    - BlocksKit/MessageUI
    - BlocksKit/UIKit
  - BlocksKit/Core (2.2.5)
  - BlocksKit/DynamicDelegate (2.2.5)
  - BlocksKit/MessageUI (2.2.5):
    - BlocksKit/Core
    - BlocksKit/DynamicDelegate
  - BlocksKit/UIKit (2.2.5):
    - BlocksKit/Core
    - BlocksKit/DynamicDelegate
  - IQKeyboardManager (4.0.3)
  - JMRoundedCorner (1.1.2)
  - Masonry (0.6.4)
  - MBProgressHUD (0.9.2)
  - MJExtension (3.0.10)
  - MJRefresh (3.1.0)
  - MLeaksFinder (0.1.1)
  - MyLayout (1.1.6)
  - SDAutoLayout (1.53)
  - SDWebImage (3.7.6):
    - SDWebImage/Core (= 3.7.6)
  - SDWebImage/Core (3.7.6)
  - Toast (3.0)
  - UMengSocial (4.4)
  - YYKit (1.0.6):
    - YYKit/no-arc (= 1.0.6)
  - YYKit/no-arc (1.0.6)

DEPENDENCIES:
  - AFNetworking (~> 3.0)
  - BAButton (~> 1.0.1)
  - BlocksKit
  - IQKeyboardManager
  - JMRoundedCorner (~> 1.1.2)
  - Masonry (~> 0.6.4)
  - MBProgressHUD
  - MJExtension (~> 3.0.10)
  - MJRefresh (~> 3.1.0)
  - MLeaksFinder
  - MyLayout (~> 1.1.6)
  - SDAutoLayout (~> 1.31)
  - SDWebImage (~> 3.7.5)
  - Toast (~> 3.0)
  - UMengSocial (~> 4.4)
  - YYKit

SPEC CHECKSUMS:
  AFNetworking: 5e0e199f73d8626b11e79750991f5d173d1f8b67
  BAButton: bb8f74e5e167a7e01ce8c0a66eafc3245ebb8c31
  BlocksKit: 7f422b971407001178d181a43b99014ea2591fe6
  IQKeyboardManager: be9695ffc5a52077deb4847608f338771022d6d1
  JMRoundedCorner: d7c7d95f21251bcb52849ef4c99ac07e6c60ed2f
  Masonry: 281802d04d787ea2973179ee8bcb50500579ede2
  MBProgressHUD: 1569cf7ace17a8bac47aabfbb8580a49690386d1
  MJExtension: d86aacb740c87519d20e3cca55b6fa4be6cc7548
  MJRefresh: 743e6404967d1c2c688472ea3ecfde247d872db4
  MLeaksFinder: 25e38f8ca9438354aa4184f65148e671f5d18620
  MyLayout: dbdca562d98703dfb4c12687182d2fe0a65ea11c
  SDAutoLayout: ea6e2ae9fbb438aa2feb0c4363dba9297e98638a
  SDWebImage: c325cf02c30337336b95beff20a13df489ec0ec9
  Toast: 32c59229abfcf41850162b83bb9259dc84372473
  UMengSocial: aba7296602310385114d82c255539a7bef3b7ab0
  YYKit: a80c77ab7be226ebe539ef1495dfc25d5766d61e

COCOAPODS: 0.39.0
